
Microsoft Visual Studio Solution File, Format Version 12.00
# Visual Studio Version 16
VisualStudioVersion = 16.0.30225.117
MinimumVisualStudioVersion = 10.0.40219.1
Project("{8BC9CEB8-8B4A-11D0-8D11-00A0C91BC942}") = "Internals-DLL", "Internals-DLL.vcxproj", "{DCBB89D5-649C-449D-898D-33A4314D0A5F}"
EndProject
Global
	GlobalSection(SolutionConfigurationPlatforms) = preSolution
		Debug|x64 = Debug|x64
		Debug|x86 = Debug|x86
		Release|x64 = Release|x64
		Release|x86 = Release|x86
	EndGlobalSection
	GlobalSection(ProjectConfigurationPlatforms) = postSolution
		{DCBB89D5-649C-449D-898D-33A4314D0A5F}.Debug|x64.ActiveCfg = Debug|x64
		{DCBB89D5-649C-449D-898D-33A4314D0A5F}.Debug|x64.Build.0 = Debug|x64
		{DCBB89D5-649C-449D-898D-33A4314D0A5F}.Debug|x86.ActiveCfg = Debug|Win32
		{DCBB89D5-649C-449D-898D-33A4314D0A5F}.Debug|x86.Build.0 = Debug|Win32
		{DCBB89D5-649C-449D-898D-33A4314D0A5F}.Release|x64.ActiveCfg = Release|x64
		{DCBB89D5-649C-449D-898D-33A4314D0A5F}.Release|x64.Build.0 = Release|x64
		{DCBB89D5-649C-449D-898D-33A4314D0A5F}.Release|x86.ActiveCfg = Release|Win32
		{DCBB89D5-649C-449D-898D-33A4314D0A5F}.Release|x86.Build.0 = Release|Win32
	EndGlobalSection
	GlobalSection(SolutionProperties) = preSolution
		HideSolutionNode = FALSE
	EndGlobalSection
	GlobalSection(ExtensibilityGlobals) = postSolution
		SolutionGuid = {49F11012-6C9C-48AC-B168-0DB72CD47A7F}
	EndGlobalSection
EndGlobal
